{
    "_meta": {
        "hash": {
            "sha256": "1d8a7b1c8004c2c4c02f372c93c52cd44f0985974cb1e43a18559a5a6f26cb92"
        },
        "pipfile-spec": 6,
        "requires": {
            "python_version": "3.9"
        },
        "sources": [
            {
                "name": "pypi",
                "url": "https://pypi.org/simple",
                "verify_ssl": true
            }
        ]
    },
    "default": {
        "loadbalancer": {
            "git": "https://github.com/mattborghi/load-balancer-zmq",
            "ref": "d7b2349b3d840eed92dd79469d45f0df04569fea"
        },
        "pyzmq": {
            "hashes": [
                "sha256:01715453ce14d4b804f87969461d21fff47df9bebde3c283c1ad872207717abc",
                "sha256:083dd4c1e9bc058acabab5d95e25180cec224ca9d372b088bf204b0822b278a9",
                "sha256:20c53aff015001cb705db0928850fa74ea4280a935d4e726743e4cb13206b0f2",
                "sha256:2199156013875ff4f872daa86214fe34658e4017b5cd8c4a2c4d6d9b59d1a2eb",
                "sha256:405e754799480d960df7d8249192c4e46288d41d08aaaa45f339269bc09f3c0a",
                "sha256:520a80148c26cfbfb76fd169c089e7a899071dd5cd7553269e4da149382b9b88",
                "sha256:5adc4e3015c647e413bdcf3cac803ffdb8566b938f83e5234ab9c2c14fe3ea3a",
                "sha256:69e5c1061a2e99ac2647db271a41cb5c95ff62dd5090a948b1fbca905c5cba81",
                "sha256:76e1b4dff2be48ed98ec34dd10ad97316e69cb5ff37754f84abc9fb4bbc949bc",
                "sha256:77371c7a39d2f1b71444128b9377be8b0588c3fbf7f56db970c5d4b7af8ed9fd",
                "sha256:7ca684fdb433577c30243357813eef81973d5dbbc3c6c1568e6c21ec1dcedda3",
                "sha256:7ea55c672840ee8fd5884134c0697845d28f5b053713fc682b5d5fc73d747853",
                "sha256:8f17f71430c18666c0f6c81185ef494f59231d01b1f77f67debfe628d50479c6",
                "sha256:9026acf8bf0852c8360c574d04d22d7a213dafaf04ab9c4d43c7430eda272cdd",
                "sha256:923ec92c7b82d63bab4193aee23fd4a2b1636369494d55883fbda10fef1075a3",
                "sha256:930e33d92e7d991a1c194790c7fc7f3099f7ec1447e853b4218cba914bee3b7b",
                "sha256:a2b9e25ea0f81e920de3bff65a5bd9056acd81f8cb439546d00d77f386cba251",
                "sha256:a82f6f41523db5408925b82bb150ecbc625c2eeccf31d38fa1a0e395e11dd5e2",
                "sha256:b1fb293a5562a4870f20bb859a50bd59c14fdb1fc13353e25267facaf68f6eb0",
                "sha256:b2a5d5fd2857e5006a5fd9067f5aa7aff0cd4f994180681b13a6bd724a5ce289",
                "sha256:c12fba29f0b956390aed37d463fbea215d7592c08241fb20a2c165ef64c95019",
                "sha256:c3a630dd7716e8e127d43b22598e256a2d11a847b8cc3310350528960037fa06",
                "sha256:de00a0fe9735efa06b96af56c8e7baa67c0972ec510e18c98efbb593c73cd886",
                "sha256:e51ea97103791597e4deca13992c3544224c7eed89dc575d9a85972b16f01b59",
                "sha256:e98d9b9efb22ece82b06046ba0c00cce157cbfd852cbd9a385b338f295cf38e6",
                "sha256:f1e357e234b435441b9366f6958623abe74fbbb1bd8e3bc679f09b5126785785",
                "sha256:f321b1e2ea990e9e760c1894234ee426e150995691c05b840a0d9743f5f202e1",
                "sha256:fe0186c70fd3205b31daaa024409b8887af9b0344f47bc4d5ed03f08f64b9552"
            ],
            "markers": "python_version >= '3.6'",
            "version": "==21.0.1"
        },
        "zmq": {
            "hashes": [
                "sha256:21cfc6be254c9bc25e4dabb8a3b2006a4227966b7b39a637426084c8dc6901f7",
                "sha256:6b1a1de53338646e8c8405803cffb659e8eb7bb02fff4c9be62a7acfac8370c9"
            ],
            "index": "pypi",
            "version": "==0.0.0"
        }
    },
    "develop": {}
}
