{
    "_meta": {
        "hash": {
            "sha256": "1d8a7b1c8004c2c4c02f372c93c52cd44f0985974cb1e43a18559a5a6f26cb92"
        },
        "pipfile-spec": 6,
        "requires": {
            "python_version": "3.9"
        },
        "sources": [
            {
                "name": "pypi",
                "url": "https://pypi.org/simple",
                "verify_ssl": true
            }
        ]
    },
    "default": {
        "loadbalancer": {
            "git": "https://github.com/mattborghi/load-balancer-zmq",
            "ref": "bdeb85c07f5801bd4b2a998ca231eba4b0e234e0"
        },
        "pyzmq": {
            "hashes": [
                "sha256:082abbb95936f7475cee098153191058350878e33b8fb1dbefc82264978297e4",
                "sha256:098c13c6198913c2a0690235fa74d2e49161755f66b663beaec89651554cc79c",
                "sha256:0a6890d626b4f95f276a2381aea8d3435bb25ef7a2735bbc74966b105b09e758",
                "sha256:42ddd761ac71dd7a386849bceffdcf4f35798caf844b762693456fc55c19c721",
                "sha256:43df5e2fe06e03f41649a48e6339045fe8c68feaedef700a54440551f0ba94a3",
                "sha256:46ff042f883bb22242ba5a3817fbcb2ff0cc0990827b8f925d49c176b1cb7394",
                "sha256:4a70ef4e3835333e020c697ebfe3e6be172dd4ef8fe19ad047cd88678c1259c5",
                "sha256:530ee5571bea541ff68c6e92819a0da0bdab9457c9b637b6c142c267c02a799e",
                "sha256:544963322b1cb650de3d2f45d81bc644e5d9ada6f8f1f5718d9837cda78ee948",
                "sha256:62b3c8196b2fa106552b03ed8ea7b91e1047e9a614849c87aea468f0caac4076",
                "sha256:664f075d38869c6117507193ae3f3d5319491900f11b344030345c11d74863f2",
                "sha256:68f8120ba7ec704d5acfabdcd1328c37806d8a23e1688a7ae3f59193c3cd46e3",
                "sha256:71ff9975f23a78c14a303bf4efd8b8924830a170a8eabcffff7f5e5a5b583b9e",
                "sha256:7307f6efb568a20bb56662041555d08aa2cbc71df91638344b6a088c10b44da7",
                "sha256:82f59dbbdc47987f7ce0daea4d6ee21059ab9d5896bd8110215736c62762cc7f",
                "sha256:84ccd4d9f8839353278480d1f06372f5fd149abcb7621f85c4ebe0924acbd110",
                "sha256:8b984feb536152009e2dc306140ec47f88dd85922063d9e9e8b07f4ff5a0832a",
                "sha256:a0d3aaff782ee1d423e90604c2abe4e573062e9a2008b27c01c86d94f94dbfa7",
                "sha256:a3da3d5a66545fa127ad12784babd78859656e0c9614324d40c72d4210aa5bbe",
                "sha256:b4b7e6edea41257562e9d4b28e717ee04ef078720d46ddb4c2241b9b60dbecc2",
                "sha256:b7f471ecead3c4b3c88d00eeff5d78f2b2a6a9f56dd33aa96620019d83fcc3dd",
                "sha256:c34ec0218319f7a78b15315038125d08ab0b37ff1fe2ce002e70b7aafe1423cf",
                "sha256:d91cbc637a34e1a72ebc47da8bf21a2e6c5e386d1b04143c07c8082258e9b430",
                "sha256:dbccca5b77162f610727b664804216674b1974a7a65e03a6ed638a9434cdf2b2",
                "sha256:efd3685579d93f01a742827d4d364df6a3c08df25e14ea091828e3f77d054f19",
                "sha256:f91a6dd45678fa6bac889267328ed9cfec56e2adeab7af2dddfa8c7e9dab24de",
                "sha256:fcb790ff9df5d85d059069a7847f5696ec9296b719ed3e7e675a61a7af390e2f",
                "sha256:fe714a0aeee5d5f230cb67af8e584f243adce63f32e81519dd80f605d036feea"
            ],
            "markers": "python_version >= '3.6'",
            "version": "==21.0.2"
        },
        "zmq": {
            "hashes": [
                "sha256:21cfc6be254c9bc25e4dabb8a3b2006a4227966b7b39a637426084c8dc6901f7",
                "sha256:6b1a1de53338646e8c8405803cffb659e8eb7bb02fff4c9be62a7acfac8370c9"
            ],
            "index": "pypi",
            "version": "==0.0.0"
        }
    },
    "develop": {}
}
