{
    "_meta": {
        "hash": {
            "sha256": "e8797b9096b8f5eecaede7e779f837784198dee146484be6b2507313352489d7"
        },
        "pipfile-spec": 6,
        "requires": {
            "python_version": "3.9"
        },
        "sources": [
            {
                "name": "pypi",
                "url": "https://pypi.org/simple",
                "verify_ssl": true
            }
        ]
    },
    "default": {
        "aniso8601": {
            "hashes": [
                "sha256:513d2b6637b7853806ae79ffaca6f3e8754bdd547048f5ccc1420aec4b714f1e",
                "sha256:d10a4bf949f619f719b227ef5386e31f49a2b6d453004b21f02661ccc8670c7b"
            ],
            "version": "==7.0.0"
        },
        "asgiref": {
            "hashes": [
                "sha256:5ee950735509d04eb673bd7f7120f8fa1c9e2df495394992c73234d526907e17",
                "sha256:7162a3cb30ab0609f1a4c95938fd73e8604f63bdba516a7f7d64b83ff09478f0"
            ],
            "markers": "python_version >= '3.5'",
            "version": "==3.3.1"
        },
        "django": {
            "hashes": [
                "sha256:169e2e7b4839a7910b393eec127fd7cbae62e80fa55f89c6510426abf673fe5f",
                "sha256:c6c0462b8b361f8691171af1fb87eceb4442da28477e12200c40420176206ba7"
            ],
            "index": "pypi",
            "version": "==3.1.6"
        },
        "django-cors-headers": {
            "hashes": [
                "sha256:1ac2b1213de75a251e2ba04448da15f99bcfcbe164288ae6b5ff929dc49b372f",
                "sha256:96069c4aaacace786a34ee7894ff680780ec2644e4268b31181044410fecd12e"
            ],
            "index": "pypi",
            "version": "==3.7.0"
        },
        "graphene": {
            "hashes": [
                "sha256:09165f03e1591b76bf57b133482db9be6dac72c74b0a628d3c93182af9c5a896",
                "sha256:2cbe6d4ef15cfc7b7805e0760a0e5b80747161ce1b0f990dfdc0d2cf497c12f9"
            ],
            "version": "==2.1.8"
        },
        "graphene-django": {
            "hashes": [
                "sha256:02671d195f0c09c8649acff2a8f4ad4f297d0f7d98ea6e6cdf034b81bab92880",
                "sha256:b78c9b05bc899016b9cc5bf13faa1f37fe1faa8c5407552c6ddd1a28f46fc31a"
            ],
            "index": "pypi",
            "version": "==2.15.0"
        },
        "graphql-core": {
            "hashes": [
                "sha256:44c9bac4514e5e30c5a595fac8e3c76c1975cae14db215e8174c7fe995825bad",
                "sha256:aac46a9ac524c9855910c14c48fc5d60474def7f99fd10245e76608eba7af746"
            ],
            "version": "==2.3.2"
        },
        "graphql-relay": {
            "hashes": [
                "sha256:870b6b5304123a38a0b215a79eace021acce5a466bf40cd39fa18cb8528afabb",
                "sha256:ac514cb86db9a43014d7e73511d521137ac12cf0101b2eaa5f0a3da2e10d913d"
            ],
            "version": "==2.0.1"
        },
        "pika": {
            "hashes": [
                "sha256:4e1a1a6585a41b2341992ec32aadb7a919d649eb82904fd8e4a4e0871c8cf3af",
                "sha256:9fa76ba4b65034b878b2b8de90ff8660a59d925b087c5bb88f8fdbb4b64a1dbf"
            ],
            "index": "pypi",
            "version": "==1.1.0"
        },
        "promise": {
            "hashes": [
                "sha256:dfd18337c523ba4b6a58801c164c1904a9d4d1b1747c7d5dbf45b693a49d93d0"
            ],
            "version": "==2.3"
        },
        "pytz": {
            "hashes": [
                "sha256:83a4a90894bf38e243cf052c8b58f381bfe9a7a483f6a9cab140bc7f702ac4da",
                "sha256:eb10ce3e7736052ed3623d49975ce333bcd712c7bb19a58b9e2089d4057d0798"
            ],
            "version": "==2021.1"
        },
        "pyzmq": {
            "hashes": [
                "sha256:013e1343b41aaeb482f40605f3fadcfeb841706039625d7b30d12ae8fa0d3cd0",
                "sha256:034f5b9e4ff0bcc67e49fe8f55a1b209ea5761c8fd00c246195c8d0cb6ce096d",
                "sha256:03c001be8c3817d5721137660ed21d90f6175002f0e583306079c791b1d9a855",
                "sha256:0b32bd5e7346e534fddb57eab309933ff6b3b177c0106b908b6193dfa75fdabe",
                "sha256:1ffb81b08bcaaac30ba913adef686ff41b257252e96fca32497029fdc3962ff0",
                "sha256:303b8ebafce9906fc1e8eb35734b9dba4786ca3da7cdc88e04a8997dde2372d3",
                "sha256:35c8c5c8160f0f0fc6d4588037243b668c3f20d981c1b8e7b5d9c33f8eeb7eb6",
                "sha256:37beae88d6cf102419bb0ec79acb19c062dcea6765b57cf2b265dac5542bcdad",
                "sha256:3f4e6574d2589e3e22514a3669e86a7bf18a95d3c3ae65733fa6a0a769ec4c9d",
                "sha256:490a9fe5509b09369722b18b85ef494abdf7c51cb1c9484cf83c3921961c2038",
                "sha256:506d4716ca6e5798345038e75adcb05b4118112a36700941967925285637198b",
                "sha256:58a074afa254a53872202e92594b59c0ba8cda62effc6437e34ae7048559dd38",
                "sha256:5a565af3729b2bf7c2ce1d563084d0cd90a312290ba5e571a0c3ec770ea8a287",
                "sha256:66d1190eec0a78bd07d39d1615b7923190ed1ba8aa04742d963b09bc66628681",
                "sha256:75b68890219231bd60556a1c6e0d2dc05fa1b179a26c876442c83a0d77958bc9",
                "sha256:75fa832c79ce30a23cd44a4e89224c651ef6bf5144b842ad066246e914b92233",
                "sha256:7b6c855c562d1c1bf7a1ba72c2617c8298e0fa1b1c08dc8d60e225031567ad9e",
                "sha256:841e9563ce9bd33fe9f227ec680ac033e9f1060977d613568c1dcbff09e74cc9",
                "sha256:849444c1699c244d5770d3a684c51f024e95c538f71dd3d1ff423a91745bab7f",
                "sha256:86cb0982b02b4fc2fbd4a65155289e0e4e5015982dbe2db14f8856c303cffa08",
                "sha256:888d850d4b7e1426d210e901bd93075991b36fe0e2ae2547ce5c18b96df95250",
                "sha256:9bae89912cac9f03d41adb66981f6e753cfd4e451937b2cd435d732fd4ccb1a3",
                "sha256:b68033181dc2e622bb5baa9b16d5933303779a03dc89860f4c44f629426d802c",
                "sha256:bc9f2c26485dc76520084ee8d76f18171cc89f24f801bed8402302ee99dbbcd9",
                "sha256:c2a8d70fe2a321a83d274970481eb244bff027b58511e943ef564721530ba786",
                "sha256:c6b1d235a08f2c42480cb9a0a5cd2a29c391052d8bc8f43db86aa15387734a33",
                "sha256:cc814880ba27f2ea8cea48ff3b480076266d4dd9c3fe29ef6e5a0a807639abe7",
                "sha256:d66724bf0d423aa18c9ea43a1bf24ed5c1d143f00bdace7c1b7fc3034f188cc9",
                "sha256:d77f6eb839097e4bce96fcac7e05e33b677efe0385bd0ab6c2a9ea818ed7e8f9",
                "sha256:d7b82a959e5e22d492f4f5a1e650e909a6c8c76ede178f538313ddb9d1e92963",
                "sha256:f3ad3f77ed6a3cf31f61170fc1733afd83a4cf8e02edde0762d4e630bce2a97e",
                "sha256:ff236d8653f8bb74198223c7af77b9378714f411d6d95255d97c2d69bf991b20"
            ],
            "index": "pypi",
            "version": "==22.0.2"
        },
        "rx": {
            "hashes": [
                "sha256:13a1d8d9e252625c173dc795471e614eadfe1cf40ffc684e08b8fff0d9748c23",
                "sha256:7357592bc7e881a95e0c2013b73326f704953301ab551fbc8133a6fadab84105"
            ],
            "version": "==1.6.1"
        },
        "singledispatch": {
            "hashes": [
                "sha256:5b06af87df13818d14f08a028e42f566640aef80805c3b50c5056b086e3c2b9c",
                "sha256:833b46966687b3de7f438c761ac475213e53b306740f1abfaa86e1d1aae56aa8"
            ],
            "version": "==3.4.0.3"
        },
        "six": {
            "hashes": [
                "sha256:30639c035cdb23534cd4aa2dd52c3bf48f06e5f4a941509c8bafd8ce11080259",
                "sha256:8b74bedcbbbaca38ff6d7491d76f2b06b3592611af620f8426e82dddb04a5ced"
            ],
            "markers": "python_version >= '2.7' and python_version not in '3.0, 3.1, 3.2, 3.3'",
            "version": "==1.15.0"
        },
        "sqlparse": {
            "hashes": [
                "sha256:017cde379adbd6a1f15a61873f43e8274179378e95ef3fede90b5aa64d304ed0",
                "sha256:0f91fd2e829c44362cbcfab3e9ae12e22badaa8a29ad5ff599f9ec109f0454e8"
            ],
            "markers": "python_version >= '3.5'",
            "version": "==0.4.1"
        },
        "text-unidecode": {
            "hashes": [
                "sha256:1311f10e8b895935241623731c2ba64f4c455287888b18189350b67134a822e8",
                "sha256:bad6603bb14d279193107714b288be206cac565dfa49aa5b105294dd5c4aab93"
            ],
            "version": "==1.3"
        }
    },
    "develop": {}
}
